{
  "name": "country_job_fair",
  "lockfileVersion": 2,
  "requires": true,
  "packages": {
    "": {
      "dependencies": {
        "cos-wx-sdk-v5": "^1.1.7",
        "tim-js-sdk": "^2.19.1",
        "tim-upload-plugin": "^1.0.4",
        "tim-wx-sdk": "^2.19.1"
      }
    },
    "node_modules/@xmldom/xmldom": {
      "version": "0.8.2",
      "resolved": "https://registry.npmjs.org/@xmldom/xmldom/-/xmldom-0.8.2.tgz",
      "integrity": "sha512-+R0juSseERyoPvnBQ/cZih6bpF7IpCXlWbHRoCRzYzqpz6gWHOgf8o4MOEf6KBVuOyqU+gCNLkCWVIJAro8XyQ==",
      "engines": {
        "node": ">=10.0.0"
      }
    },
    "node_modules/cos-wx-sdk-v5": {
      "version": "1.1.7",
      "resolved": "https://registry.npmjs.org/cos-wx-sdk-v5/-/cos-wx-sdk-v5-1.1.7.tgz",
      "integrity": "sha512-Mtq3cVFHoSl2zUZtBv9Rxpa524A8SoO8Pg/LhwqciZrP27MnTYaM8GdPLATr5N7GL81jS/heyDRsP58eYTb11Q==",
      "dependencies": {
        "@xmldom/xmldom": "^0.8.2",
        "mime": "^2.4.6"
      }
    },
    "node_modules/mime": {
      "version": "2.6.0",
      "resolved": "https://registry.npmjs.org/mime/-/mime-2.6.0.tgz",
      "integrity": "sha512-USPkMeET31rOMiarsBNIHZKLGgvKc/LrjofAnBlOttf5ajRvqiRA8QsenbcooctK6d6Ts6aqZXBA+XbkKthiQg==",
      "bin": {
        "mime": "cli.js"
      },
      "engines": {
        "node": ">=4.0.0"
      }
    },
    "node_modules/tim-js-sdk": {
      "version": "2.19.1",
      "resolved": "https://registry.npmjs.org/tim-js-sdk/-/tim-js-sdk-2.19.1.tgz",
      "integrity": "sha512-M0BJ/Ttg7zCJg8UXke9RMEOlqrJ2ifatLtYVVE2BE2U2ebw67R5zReCidCTkcL0mTcEkVAD/bem6OlLLwqhCPA=="
    },
    "node_modules/tim-upload-plugin": {
      "version": "1.0.4",
      "resolved": "https://registry.npmjs.org/tim-upload-plugin/-/tim-upload-plugin-1.0.4.tgz",
      "integrity": "sha512-Ib/Ql5vdKoLg2wSFBQ34nzBnaUFa6IxiV8060BF+RnWVlhBZSd3MpBXT32wWcmPj/Sl2yOSCM+dC4fn1sm+y/w=="
    },
    "node_modules/tim-wx-sdk": {
      "version": "2.19.1",
      "resolved": "https://registry.npmjs.org/tim-wx-sdk/-/tim-wx-sdk-2.19.1.tgz",
      "integrity": "sha512-nd0GqiH57nfz+Tpg/NqBpgBtNwByeytHuBchXm8DwdscI5V6vwzVA0Nf3ZD0Noatb/afIlELdM7VMwii6nvPXw=="
    }
  },
  "dependencies": {
    "@xmldom/xmldom": {
      "version": "0.8.2",
      "resolved": "https://registry.npmjs.org/@xmldom/xmldom/-/xmldom-0.8.2.tgz",
      "integrity": "sha512-+R0juSseERyoPvnBQ/cZih6bpF7IpCXlWbHRoCRzYzqpz6gWHOgf8o4MOEf6KBVuOyqU+gCNLkCWVIJAro8XyQ=="
    },
    "cos-wx-sdk-v5": {
      "version": "1.1.7",
      "resolved": "https://registry.npmjs.org/cos-wx-sdk-v5/-/cos-wx-sdk-v5-1.1.7.tgz",
      "integrity": "sha512-Mtq3cVFHoSl2zUZtBv9Rxpa524A8SoO8Pg/LhwqciZrP27MnTYaM8GdPLATr5N7GL81jS/heyDRsP58eYTb11Q==",
      "requires": {
        "@xmldom/xmldom": "^0.8.2",
        "mime": "^2.4.6"
      }
    },
    "mime": {
      "version": "2.6.0",
      "resolved": "https://registry.npmjs.org/mime/-/mime-2.6.0.tgz",
      "integrity": "sha512-USPkMeET31rOMiarsBNIHZKLGgvKc/LrjofAnBlOttf5ajRvqiRA8QsenbcooctK6d6Ts6aqZXBA+XbkKthiQg=="
    },
    "tim-js-sdk": {
      "version": "2.19.1",
      "resolved": "https://registry.npmjs.org/tim-js-sdk/-/tim-js-sdk-2.19.1.tgz",
      "integrity": "sha512-M0BJ/Ttg7zCJg8UXke9RMEOlqrJ2ifatLtYVVE2BE2U2ebw67R5zReCidCTkcL0mTcEkVAD/bem6OlLLwqhCPA=="
    },
    "tim-upload-plugin": {
      "version": "1.0.4",
      "resolved": "https://registry.npmjs.org/tim-upload-plugin/-/tim-upload-plugin-1.0.4.tgz",
      "integrity": "sha512-Ib/Ql5vdKoLg2wSFBQ34nzBnaUFa6IxiV8060BF+RnWVlhBZSd3MpBXT32wWcmPj/Sl2yOSCM+dC4fn1sm+y/w=="
    },
    "tim-wx-sdk": {
      "version": "2.19.1",
      "resolved": "https://registry.npmjs.org/tim-wx-sdk/-/tim-wx-sdk-2.19.1.tgz",
      "integrity": "sha512-nd0GqiH57nfz+Tpg/NqBpgBtNwByeytHuBchXm8DwdscI5V6vwzVA0Nf3ZD0Noatb/afIlELdM7VMwii6nvPXw=="
    }
  }
}
